
Microsoft Visual Studio Solution File, Format Version 12.00
# Visual Studio 2012
Project("{FAE04EC0-301F-11D3-BF4B-00C04F79EFBC}") = "Bids.Tests", "Bids.Tests\Bids.Tests.csproj", "{D3A4629A-C4FF-41E9-B2F8-EBC38E854429}"
EndProject
Project("{FAE04EC0-301F-11D3-BF4B-00C04F79EFBC}") = "Bids.WebUI", "Bids.WebUI\Bids.WebUI.csproj", "{57C723FC-5E4F-4A14-AD18-FD4ADE1188A7}"
EndProject
Global
	GlobalSection(SolutionConfigurationPlatforms) = preSolution
		Debug|Any CPU = Debug|Any CPU
		Release|Any CPU = Release|Any CPU
	EndGlobalSection
	GlobalSection(ProjectConfigurationPlatforms) = postSolution
		{D3A4629A-C4FF-41E9-B2F8-EBC38E854429}.Debug|Any CPU.ActiveCfg = Debug|Any CPU
		{D3A4629A-C4FF-41E9-B2F8-EBC38E854429}.Debug|Any CPU.Build.0 = Debug|Any CPU
		{D3A4629A-C4FF-41E9-B2F8-EBC38E854429}.Release|Any CPU.ActiveCfg = Release|Any CPU
		{D3A4629A-C4FF-41E9-B2F8-EBC38E854429}.Release|Any CPU.Build.0 = Release|Any CPU
		{57C723FC-5E4F-4A14-AD18-FD4ADE1188A7}.Debug|Any CPU.ActiveCfg = Debug|Any CPU
		{57C723FC-5E4F-4A14-AD18-FD4ADE1188A7}.Debug|Any CPU.Build.0 = Debug|Any CPU
		{57C723FC-5E4F-4A14-AD18-FD4ADE1188A7}.Release|Any CPU.ActiveCfg = Release|Any CPU
		{57C723FC-5E4F-4A14-AD18-FD4ADE1188A7}.Release|Any CPU.Build.0 = Release|Any CPU
	EndGlobalSection
	GlobalSection(SolutionProperties) = preSolution
		HideSolutionNode = FALSE
	EndGlobalSection
EndGlobal
